
Microsoft Visual Studio Solution File, Format Version 12.00
# Visual Studio Version 16
VisualStudioVersion = 16.0.29009.5
MinimumVisualStudioVersion = 10.0.40219.1
Project("{2150E333-8FDC-42A3-9474-1A3956D46DE8}") = "Framework", "Framework", "{9D807074-BC09-4F40-9BEB-1EE9A8469836}"
EndProject
Project("{9A19103F-16F7-4668-BE54-9A1E7A4F7556}") = "ozgurtek.framework.common", "Framework\ozgurtek.framework.common\ozgurtek.framework.common.csproj", "{699085C2-0668-4888-9912-59351211D0E6}"
EndProject
Project("{9A19103F-16F7-4668-BE54-9A1E7A4F7556}") = "ozgurtek.framework.core", "Framework\ozgurtek.framework.core\ozgurtek.framework.core.csproj", "{063D5D2F-1491-4DCB-8ED6-C0DCCBD75605}"
EndProject
Project("{FAE04EC0-301F-11D3-BF4B-00C04F79EFBC}") = "ozgurtek.framework.driver.oracle", "Framework\ozgurtek.framework.driver.oracle\ozgurtek.framework.driver.oracle.csproj", "{7873A6C1-B48B-446E-AD58-A641FEEA1981}"
	ProjectSection(ProjectDependencies) = postProject
		{063D5D2F-1491-4DCB-8ED6-C0DCCBD75605} = {063D5D2F-1491-4DCB-8ED6-C0DCCBD75605}
		{699085C2-0668-4888-9912-59351211D0E6} = {699085C2-0668-4888-9912-59351211D0E6}
	EndProjectSection
EndProject
Project("{9A19103F-16F7-4668-BE54-9A1E7A4F7556}") = "ozgurtek.framework.driver.postgres", "Framework\ozgurtek.framework.driver.postgres\ozgurtek.framework.driver.postgres.csproj", "{4E298CD1-7AD2-4898-A412-925AEFCC0524}"
EndProject
Project("{9A19103F-16F7-4668-BE54-9A1E7A4F7556}") = "ozgurtek.framework.ui.map.skiasharp", "Framework\ozgurtek.framework.ui.map.skiasharp\ozgurtek.framework.ui.map.skiasharp.csproj", "{3167CB86-A5EA-492C-AF7C-952475B447C7}"
EndProject
Project("{9A19103F-16F7-4668-BE54-9A1E7A4F7556}") = "ozgurtek.framework.driver.sqlite", "Framework\ozgurtek.framework.driver.sqlite\ozgurtek.framework.driver.sqlite.csproj", "{13F6B002-CE88-4852-9E0A-39D92E77E1CE}"
EndProject
Project("{9A19103F-16F7-4668-BE54-9A1E7A4F7556}") = "ozgurtek.framework.ui.controls.xamarin", "Framework\ozgurtek.framework.ui.controls.xamarin\ozgurtek.framework.ui.controls.xamarin.csproj", "{ACCE8D1C-5211-4305-A566-5A8B83878E3D}"
EndProject
Project("{FAE04EC0-301F-11D3-BF4B-00C04F79EFBC}") = "ozgurtek.framework.driver.sqlserver", "Framework\ozgurtek.framework.driver.sqlserver\ozgurtek.framework.driver.sqlserver.csproj", "{20DFC0C0-20FC-4352-9FB3-13C8545AA65B}"
	ProjectSection(ProjectDependencies) = postProject
		{063D5D2F-1491-4DCB-8ED6-C0DCCBD75605} = {063D5D2F-1491-4DCB-8ED6-C0DCCBD75605}
		{699085C2-0668-4888-9912-59351211D0E6} = {699085C2-0668-4888-9912-59351211D0E6}
	EndProjectSection
EndProject
Project("{FAE04EC0-301F-11D3-BF4B-00C04F79EFBC}") = "ozgurtek.framework.driver.gdal", "Framework\ozgurtek.framework.driver.gdal\ozgurtek.framework.driver.gdal.csproj", "{F707A4C5-9238-475B-8B30-70DB727FD92E}"
	ProjectSection(ProjectDependencies) = postProject
		{699085C2-0668-4888-9912-59351211D0E6} = {699085C2-0668-4888-9912-59351211D0E6}
	EndProjectSection
EndProject
Project("{2150E333-8FDC-42A3-9474-1A3956D46DE8}") = "Test", "Test", "{954BF0EF-3BFB-4CC7-8B34-119F1DC31CCE}"
EndProject
Project("{FAE04EC0-301F-11D3-BF4B-00C04F79EFBC}") = "ozgurtek.framework.test.winforms", "Test\ozgurtek.framework.test.winforms\ozgurtek.framework.test.winforms.csproj", "{3417E183-30EA-4A39-8A30-FF9DBA571155}"
EndProject
Project("{FAE04EC0-301F-11D3-BF4B-00C04F79EFBC}") = "ozgurtek.framework.driver.oledb", "Framework\ozgurtek.framework.driver.oledb\ozgurtek.framework.driver.oledb.csproj", "{47FC1C01-B417-40FB-9B11-FB6CE9C2D349}"
EndProject
Global
	GlobalSection(SolutionConfigurationPlatforms) = preSolution
		Debug|Any CPU = Debug|Any CPU
		Debug|ARM = Debug|ARM
		Debug|iPhone = Debug|iPhone
		Debug|iPhoneSimulator = Debug|iPhoneSimulator
		Debug|x64 = Debug|x64
		Debug|x86 = Debug|x86
		Release|Any CPU = Release|Any CPU
		Release|ARM = Release|ARM
		Release|iPhone = Release|iPhone
		Release|iPhoneSimulator = Release|iPhoneSimulator
		Release|x64 = Release|x64
		Release|x86 = Release|x86
	EndGlobalSection
	GlobalSection(ProjectConfigurationPlatforms) = postSolution
		{699085C2-0668-4888-9912-59351211D0E6}.Debug|Any CPU.ActiveCfg = Debug|Any CPU
		{699085C2-0668-4888-9912-59351211D0E6}.Debug|Any CPU.Build.0 = Debug|Any CPU
		{699085C2-0668-4888-9912-59351211D0E6}.Debug|ARM.ActiveCfg = Debug|Any CPU
		{699085C2-0668-4888-9912-59351211D0E6}.Debug|ARM.Build.0 = Debug|Any CPU
		{699085C2-0668-4888-9912-59351211D0E6}.Debug|iPhone.ActiveCfg = Debug|Any CPU
		{699085C2-0668-4888-9912-59351211D0E6}.Debug|iPhone.Build.0 = Debug|Any CPU
		{699085C2-0668-4888-9912-59351211D0E6}.Debug|iPhoneSimulator.ActiveCfg = Debug|Any CPU
		{699085C2-0668-4888-9912-59351211D0E6}.Debug|iPhoneSimulator.Build.0 = Debug|Any CPU
		{699085C2-0668-4888-9912-59351211D0E6}.Debug|x64.ActiveCfg = Debug|Any CPU
		{699085C2-0668-4888-9912-59351211D0E6}.Debug|x64.Build.0 = Debug|Any CPU
		{699085C2-0668-4888-9912-59351211D0E6}.Debug|x86.ActiveCfg = Debug|Any CPU
		{699085C2-0668-4888-9912-59351211D0E6}.Debug|x86.Build.0 = Debug|Any CPU
		{699085C2-0668-4888-9912-59351211D0E6}.Release|Any CPU.ActiveCfg = Release|Any CPU
		{699085C2-0668-4888-9912-59351211D0E6}.Release|Any CPU.Build.0 = Release|Any CPU
		{699085C2-0668-4888-9912-59351211D0E6}.Release|ARM.ActiveCfg = Release|Any CPU
		{699085C2-0668-4888-9912-59351211D0E6}.Release|ARM.Build.0 = Release|Any CPU
		{699085C2-0668-4888-9912-59351211D0E6}.Release|iPhone.ActiveCfg = Release|Any CPU
		{699085C2-0668-4888-9912-59351211D0E6}.Release|iPhone.Build.0 = Release|Any CPU
		{699085C2-0668-4888-9912-59351211D0E6}.Release|iPhoneSimulator.ActiveCfg = Release|Any CPU
		{699085C2-0668-4888-9912-59351211D0E6}.Release|iPhoneSimulator.Build.0 = Release|Any CPU
		{699085C2-0668-4888-9912-59351211D0E6}.Release|x64.ActiveCfg = Release|Any CPU
		{699085C2-0668-4888-9912-59351211D0E6}.Release|x64.Build.0 = Release|Any CPU
		{699085C2-0668-4888-9912-59351211D0E6}.Release|x86.ActiveCfg = Release|Any CPU
		{699085C2-0668-4888-9912-59351211D0E6}.Release|x86.Build.0 = Release|Any CPU
		{063D5D2F-1491-4DCB-8ED6-C0DCCBD75605}.Debug|Any CPU.ActiveCfg = Debug|Any CPU
		{063D5D2F-1491-4DCB-8ED6-C0DCCBD75605}.Debug|Any CPU.Build.0 = Debug|Any CPU
		{063D5D2F-1491-4DCB-8ED6-C0DCCBD75605}.Debug|ARM.ActiveCfg = Debug|Any CPU
		{063D5D2F-1491-4DCB-8ED6-C0DCCBD75605}.Debug|ARM.Build.0 = Debug|Any CPU
		{063D5D2F-1491-4DCB-8ED6-C0DCCBD75605}.Debug|iPhone.ActiveCfg = Debug|Any CPU
		{063D5D2F-1491-4DCB-8ED6-C0DCCBD75605}.Debug|iPhone.Build.0 = Debug|Any CPU
		{063D5D2F-1491-4DCB-8ED6-C0DCCBD75605}.Debug|iPhoneSimulator.ActiveCfg = Debug|Any CPU
		{063D5D2F-1491-4DCB-8ED6-C0DCCBD75605}.Debug|iPhoneSimulator.Build.0 = Debug|Any CPU
		{063D5D2F-1491-4DCB-8ED6-C0DCCBD75605}.Debug|x64.ActiveCfg = Debug|Any CPU
		{063D5D2F-1491-4DCB-8ED6-C0DCCBD75605}.Debug|x64.Build.0 = Debug|Any CPU
		{063D5D2F-1491-4DCB-8ED6-C0DCCBD75605}.Debug|x86.ActiveCfg = Debug|Any CPU
		{063D5D2F-1491-4DCB-8ED6-C0DCCBD75605}.Debug|x86.Build.0 = Debug|Any CPU
		{063D5D2F-1491-4DCB-8ED6-C0DCCBD75605}.Release|Any CPU.ActiveCfg = Release|Any CPU
		{063D5D2F-1491-4DCB-8ED6-C0DCCBD75605}.Release|Any CPU.Build.0 = Release|Any CPU
		{063D5D2F-1491-4DCB-8ED6-C0DCCBD75605}.Release|ARM.ActiveCfg = Release|Any CPU
		{063D5D2F-1491-4DCB-8ED6-C0DCCBD75605}.Release|ARM.Build.0 = Release|Any CPU
		{063D5D2F-1491-4DCB-8ED6-C0DCCBD75605}.Release|iPhone.ActiveCfg = Release|Any CPU
		{063D5D2F-1491-4DCB-8ED6-C0DCCBD75605}.Release|iPhone.Build.0 = Release|Any CPU
		{063D5D2F-1491-4DCB-8ED6-C0DCCBD75605}.Release|iPhoneSimulator.ActiveCfg = Release|Any CPU
		{063D5D2F-1491-4DCB-8ED6-C0DCCBD75605}.Release|iPhoneSimulator.Build.0 = Release|Any CPU
		{063D5D2F-1491-4DCB-8ED6-C0DCCBD75605}.Release|x64.ActiveCfg = Release|Any CPU
		{063D5D2F-1491-4DCB-8ED6-C0DCCBD75605}.Release|x64.Build.0 = Release|Any CPU
		{063D5D2F-1491-4DCB-8ED6-C0DCCBD75605}.Release|x86.ActiveCfg = Release|Any CPU
		{063D5D2F-1491-4DCB-8ED6-C0DCCBD75605}.Release|x86.Build.0 = Release|Any CPU
		{7873A6C1-B48B-446E-AD58-A641FEEA1981}.Debug|Any CPU.ActiveCfg = Debug|Any CPU
		{7873A6C1-B48B-446E-AD58-A641FEEA1981}.Debug|Any CPU.Build.0 = Debug|Any CPU
		{7873A6C1-B48B-446E-AD58-A641FEEA1981}.Debug|ARM.ActiveCfg = Debug|Any CPU
		{7873A6C1-B48B-446E-AD58-A641FEEA1981}.Debug|ARM.Build.0 = Debug|Any CPU
		{7873A6C1-B48B-446E-AD58-A641FEEA1981}.Debug|iPhone.ActiveCfg = Debug|Any CPU
		{7873A6C1-B48B-446E-AD58-A641FEEA1981}.Debug|iPhone.Build.0 = Debug|Any CPU
		{7873A6C1-B48B-446E-AD58-A641FEEA1981}.Debug|iPhoneSimulator.ActiveCfg = Debug|Any CPU
		{7873A6C1-B48B-446E-AD58-A641FEEA1981}.Debug|iPhoneSimulator.Build.0 = Debug|Any CPU
		{7873A6C1-B48B-446E-AD58-A641FEEA1981}.Debug|x64.ActiveCfg = Debug|Any CPU
		{7873A6C1-B48B-446E-AD58-A641FEEA1981}.Debug|x64.Build.0 = Debug|Any CPU
		{7873A6C1-B48B-446E-AD58-A641FEEA1981}.Debug|x86.ActiveCfg = Debug|Any CPU
		{7873A6C1-B48B-446E-AD58-A641FEEA1981}.Debug|x86.Build.0 = Debug|Any CPU
		{7873A6C1-B48B-446E-AD58-A641FEEA1981}.Release|Any CPU.ActiveCfg = Release|Any CPU
		{7873A6C1-B48B-446E-AD58-A641FEEA1981}.Release|Any CPU.Build.0 = Release|Any CPU
		{7873A6C1-B48B-446E-AD58-A641FEEA1981}.Release|ARM.ActiveCfg = Release|Any CPU
		{7873A6C1-B48B-446E-AD58-A641FEEA1981}.Release|ARM.Build.0 = Release|Any CPU
		{7873A6C1-B48B-446E-AD58-A641FEEA1981}.Release|iPhone.ActiveCfg = Release|Any CPU
		{7873A6C1-B48B-446E-AD58-A641FEEA1981}.Release|iPhone.Build.0 = Release|Any CPU
		{7873A6C1-B48B-446E-AD58-A641FEEA1981}.Release|iPhoneSimulator.ActiveCfg = Release|Any CPU
		{7873A6C1-B48B-446E-AD58-A641FEEA1981}.Release|iPhoneSimulator.Build.0 = Release|Any CPU
		{7873A6C1-B48B-446E-AD58-A641FEEA1981}.Release|x64.ActiveCfg = Release|Any CPU
		{7873A6C1-B48B-446E-AD58-A641FEEA1981}.Release|x64.Build.0 = Release|Any CPU
		{7873A6C1-B48B-446E-AD58-A641FEEA1981}.Release|x86.ActiveCfg = Release|Any CPU
		{7873A6C1-B48B-446E-AD58-A641FEEA1981}.Release|x86.Build.0 = Release|Any CPU
		{4E298CD1-7AD2-4898-A412-925AEFCC0524}.Debug|Any CPU.ActiveCfg = Debug|Any CPU
		{4E298CD1-7AD2-4898-A412-925AEFCC0524}.Debug|Any CPU.Build.0 = Debug|Any CPU
		{4E298CD1-7AD2-4898-A412-925AEFCC0524}.Debug|ARM.ActiveCfg = Debug|Any CPU
		{4E298CD1-7AD2-4898-A412-925AEFCC0524}.Debug|ARM.Build.0 = Debug|Any CPU
		{4E298CD1-7AD2-4898-A412-925AEFCC0524}.Debug|iPhone.ActiveCfg = Debug|Any CPU
		{4E298CD1-7AD2-4898-A412-925AEFCC0524}.Debug|iPhone.Build.0 = Debug|Any CPU
		{4E298CD1-7AD2-4898-A412-925AEFCC0524}.Debug|iPhoneSimulator.ActiveCfg = Debug|Any CPU
		{4E298CD1-7AD2-4898-A412-925AEFCC0524}.Debug|iPhoneSimulator.Build.0 = Debug|Any CPU
		{4E298CD1-7AD2-4898-A412-925AEFCC0524}.Debug|x64.ActiveCfg = Debug|Any CPU
		{4E298CD1-7AD2-4898-A412-925AEFCC0524}.Debug|x64.Build.0 = Debug|Any CPU
		{4E298CD1-7AD2-4898-A412-925AEFCC0524}.Debug|x86.ActiveCfg = Debug|Any CPU
		{4E298CD1-7AD2-4898-A412-925AEFCC0524}.Debug|x86.Build.0 = Debug|Any CPU
		{4E298CD1-7AD2-4898-A412-925AEFCC0524}.Release|Any CPU.ActiveCfg = Release|Any CPU
		{4E298CD1-7AD2-4898-A412-925AEFCC0524}.Release|Any CPU.Build.0 = Release|Any CPU
		{4E298CD1-7AD2-4898-A412-925AEFCC0524}.Release|ARM.ActiveCfg = Release|Any CPU
		{4E298CD1-7AD2-4898-A412-925AEFCC0524}.Release|ARM.Build.0 = Release|Any CPU
		{4E298CD1-7AD2-4898-A412-925AEFCC0524}.Release|iPhone.ActiveCfg = Release|Any CPU
		{4E298CD1-7AD2-4898-A412-925AEFCC0524}.Release|iPhone.Build.0 = Release|Any CPU
		{4E298CD1-7AD2-4898-A412-925AEFCC0524}.Release|iPhoneSimulator.ActiveCfg = Release|Any CPU
		{4E298CD1-7AD2-4898-A412-925AEFCC0524}.Release|iPhoneSimulator.Build.0 = Release|Any CPU
		{4E298CD1-7AD2-4898-A412-925AEFCC0524}.Release|x64.ActiveCfg = Release|Any CPU
		{4E298CD1-7AD2-4898-A412-925AEFCC0524}.Release|x64.Build.0 = Release|Any CPU
		{4E298CD1-7AD2-4898-A412-925AEFCC0524}.Release|x86.ActiveCfg = Release|Any CPU
		{4E298CD1-7AD2-4898-A412-925AEFCC0524}.Release|x86.Build.0 = Release|Any CPU
		{3167CB86-A5EA-492C-AF7C-952475B447C7}.Debug|Any CPU.ActiveCfg = Debug|Any CPU
		{3167CB86-A5EA-492C-AF7C-952475B447C7}.Debug|Any CPU.Build.0 = Debug|Any CPU
		{3167CB86-A5EA-492C-AF7C-952475B447C7}.Debug|ARM.ActiveCfg = Debug|Any CPU
		{3167CB86-A5EA-492C-AF7C-952475B447C7}.Debug|ARM.Build.0 = Debug|Any CPU
		{3167CB86-A5EA-492C-AF7C-952475B447C7}.Debug|iPhone.ActiveCfg = Debug|Any CPU
		{3167CB86-A5EA-492C-AF7C-952475B447C7}.Debug|iPhone.Build.0 = Debug|Any CPU
		{3167CB86-A5EA-492C-AF7C-952475B447C7}.Debug|iPhoneSimulator.ActiveCfg = Debug|Any CPU
		{3167CB86-A5EA-492C-AF7C-952475B447C7}.Debug|iPhoneSimulator.Build.0 = Debug|Any CPU
		{3167CB86-A5EA-492C-AF7C-952475B447C7}.Debug|x64.ActiveCfg = Debug|Any CPU
		{3167CB86-A5EA-492C-AF7C-952475B447C7}.Debug|x64.Build.0 = Debug|Any CPU
		{3167CB86-A5EA-492C-AF7C-952475B447C7}.Debug|x86.ActiveCfg = Debug|Any CPU
		{3167CB86-A5EA-492C-AF7C-952475B447C7}.Debug|x86.Build.0 = Debug|Any CPU
		{3167CB86-A5EA-492C-AF7C-952475B447C7}.Release|Any CPU.ActiveCfg = Release|Any CPU
		{3167CB86-A5EA-492C-AF7C-952475B447C7}.Release|Any CPU.Build.0 = Release|Any CPU
		{3167CB86-A5EA-492C-AF7C-952475B447C7}.Release|ARM.ActiveCfg = Release|Any CPU
		{3167CB86-A5EA-492C-AF7C-952475B447C7}.Release|ARM.Build.0 = Release|Any CPU
		{3167CB86-A5EA-492C-AF7C-952475B447C7}.Release|iPhone.ActiveCfg = Release|Any CPU
		{3167CB86-A5EA-492C-AF7C-952475B447C7}.Release|iPhone.Build.0 = Release|Any CPU
		{3167CB86-A5EA-492C-AF7C-952475B447C7}.Release|iPhoneSimulator.ActiveCfg = Release|Any CPU
		{3167CB86-A5EA-492C-AF7C-952475B447C7}.Release|iPhoneSimulator.Build.0 = Release|Any CPU
		{3167CB86-A5EA-492C-AF7C-952475B447C7}.Release|x64.ActiveCfg = Release|Any CPU
		{3167CB86-A5EA-492C-AF7C-952475B447C7}.Release|x64.Build.0 = Release|Any CPU
		{3167CB86-A5EA-492C-AF7C-952475B447C7}.Release|x86.ActiveCfg = Release|Any CPU
		{3167CB86-A5EA-492C-AF7C-952475B447C7}.Release|x86.Build.0 = Release|Any CPU
		{13F6B002-CE88-4852-9E0A-39D92E77E1CE}.Debug|Any CPU.ActiveCfg = Debug|Any CPU
		{13F6B002-CE88-4852-9E0A-39D92E77E1CE}.Debug|Any CPU.Build.0 = Debug|Any CPU
		{13F6B002-CE88-4852-9E0A-39D92E77E1CE}.Debug|ARM.ActiveCfg = Debug|Any CPU
		{13F6B002-CE88-4852-9E0A-39D92E77E1CE}.Debug|ARM.Build.0 = Debug|Any CPU
		{13F6B002-CE88-4852-9E0A-39D92E77E1CE}.Debug|iPhone.ActiveCfg = Debug|Any CPU
		{13F6B002-CE88-4852-9E0A-39D92E77E1CE}.Debug|iPhone.Build.0 = Debug|Any CPU
		{13F6B002-CE88-4852-9E0A-39D92E77E1CE}.Debug|iPhoneSimulator.ActiveCfg = Debug|Any CPU
		{13F6B002-CE88-4852-9E0A-39D92E77E1CE}.Debug|iPhoneSimulator.Build.0 = Debug|Any CPU
		{13F6B002-CE88-4852-9E0A-39D92E77E1CE}.Debug|x64.ActiveCfg = Debug|Any CPU
		{13F6B002-CE88-4852-9E0A-39D92E77E1CE}.Debug|x64.Build.0 = Debug|Any CPU
		{13F6B002-CE88-4852-9E0A-39D92E77E1CE}.Debug|x86.ActiveCfg = Debug|Any CPU
		{13F6B002-CE88-4852-9E0A-39D92E77E1CE}.Debug|x86.Build.0 = Debug|Any CPU
		{13F6B002-CE88-4852-9E0A-39D92E77E1CE}.Release|Any CPU.ActiveCfg = Release|Any CPU
		{13F6B002-CE88-4852-9E0A-39D92E77E1CE}.Release|Any CPU.Build.0 = Release|Any CPU
		{13F6B002-CE88-4852-9E0A-39D92E77E1CE}.Release|ARM.ActiveCfg = Release|Any CPU
		{13F6B002-CE88-4852-9E0A-39D92E77E1CE}.Release|ARM.Build.0 = Release|Any CPU
		{13F6B002-CE88-4852-9E0A-39D92E77E1CE}.Release|iPhone.ActiveCfg = Release|Any CPU
		{13F6B002-CE88-4852-9E0A-39D92E77E1CE}.Release|iPhone.Build.0 = Release|Any CPU
		{13F6B002-CE88-4852-9E0A-39D92E77E1CE}.Release|iPhoneSimulator.ActiveCfg = Release|Any CPU
		{13F6B002-CE88-4852-9E0A-39D92E77E1CE}.Release|iPhoneSimulator.Build.0 = Release|Any CPU
		{13F6B002-CE88-4852-9E0A-39D92E77E1CE}.Release|x64.ActiveCfg = Release|Any CPU
		{13F6B002-CE88-4852-9E0A-39D92E77E1CE}.Release|x64.Build.0 = Release|Any CPU
		{13F6B002-CE88-4852-9E0A-39D92E77E1CE}.Release|x86.ActiveCfg = Release|Any CPU
		{13F6B002-CE88-4852-9E0A-39D92E77E1CE}.Release|x86.Build.0 = Release|Any CPU
		{ACCE8D1C-5211-4305-A566-5A8B83878E3D}.Debug|Any CPU.ActiveCfg = Debug|Any CPU
		{ACCE8D1C-5211-4305-A566-5A8B83878E3D}.Debug|Any CPU.Build.0 = Debug|Any CPU
		{ACCE8D1C-5211-4305-A566-5A8B83878E3D}.Debug|ARM.ActiveCfg = Debug|Any CPU
		{ACCE8D1C-5211-4305-A566-5A8B83878E3D}.Debug|ARM.Build.0 = Debug|Any CPU
		{ACCE8D1C-5211-4305-A566-5A8B83878E3D}.Debug|iPhone.ActiveCfg = Debug|Any CPU
		{ACCE8D1C-5211-4305-A566-5A8B83878E3D}.Debug|iPhone.Build.0 = Debug|Any CPU
		{ACCE8D1C-5211-4305-A566-5A8B83878E3D}.Debug|iPhoneSimulator.ActiveCfg = Debug|Any CPU
		{ACCE8D1C-5211-4305-A566-5A8B83878E3D}.Debug|iPhoneSimulator.Build.0 = Debug|Any CPU
		{ACCE8D1C-5211-4305-A566-5A8B83878E3D}.Debug|x64.ActiveCfg = Debug|Any CPU
		{ACCE8D1C-5211-4305-A566-5A8B83878E3D}.Debug|x64.Build.0 = Debug|Any CPU
		{ACCE8D1C-5211-4305-A566-5A8B83878E3D}.Debug|x86.ActiveCfg = Debug|Any CPU
		{ACCE8D1C-5211-4305-A566-5A8B83878E3D}.Debug|x86.Build.0 = Debug|Any CPU
		{ACCE8D1C-5211-4305-A566-5A8B83878E3D}.Release|Any CPU.ActiveCfg = Release|Any CPU
		{ACCE8D1C-5211-4305-A566-5A8B83878E3D}.Release|Any CPU.Build.0 = Release|Any CPU
		{ACCE8D1C-5211-4305-A566-5A8B83878E3D}.Release|ARM.ActiveCfg = Release|Any CPU
		{ACCE8D1C-5211-4305-A566-5A8B83878E3D}.Release|ARM.Build.0 = Release|Any CPU
		{ACCE8D1C-5211-4305-A566-5A8B83878E3D}.Release|iPhone.ActiveCfg = Release|Any CPU
		{ACCE8D1C-5211-4305-A566-5A8B83878E3D}.Release|iPhone.Build.0 = Release|Any CPU
		{ACCE8D1C-5211-4305-A566-5A8B83878E3D}.Release|iPhoneSimulator.ActiveCfg = Release|Any CPU
		{ACCE8D1C-5211-4305-A566-5A8B83878E3D}.Release|iPhoneSimulator.Build.0 = Release|Any CPU
		{ACCE8D1C-5211-4305-A566-5A8B83878E3D}.Release|x64.ActiveCfg = Release|Any CPU
		{ACCE8D1C-5211-4305-A566-5A8B83878E3D}.Release|x64.Build.0 = Release|Any CPU
		{ACCE8D1C-5211-4305-A566-5A8B83878E3D}.Release|x86.ActiveCfg = Release|Any CPU
		{ACCE8D1C-5211-4305-A566-5A8B83878E3D}.Release|x86.Build.0 = Release|Any CPU
		{20DFC0C0-20FC-4352-9FB3-13C8545AA65B}.Debug|Any CPU.ActiveCfg = Debug|Any CPU
		{20DFC0C0-20FC-4352-9FB3-13C8545AA65B}.Debug|Any CPU.Build.0 = Debug|Any CPU
		{20DFC0C0-20FC-4352-9FB3-13C8545AA65B}.Debug|ARM.ActiveCfg = Debug|Any CPU
		{20DFC0C0-20FC-4352-9FB3-13C8545AA65B}.Debug|ARM.Build.0 = Debug|Any CPU
		{20DFC0C0-20FC-4352-9FB3-13C8545AA65B}.Debug|iPhone.ActiveCfg = Debug|Any CPU
		{20DFC0C0-20FC-4352-9FB3-13C8545AA65B}.Debug|iPhone.Build.0 = Debug|Any CPU
		{20DFC0C0-20FC-4352-9FB3-13C8545AA65B}.Debug|iPhoneSimulator.ActiveCfg = Debug|Any CPU
		{20DFC0C0-20FC-4352-9FB3-13C8545AA65B}.Debug|iPhoneSimulator.Build.0 = Debug|Any CPU
		{20DFC0C0-20FC-4352-9FB3-13C8545AA65B}.Debug|x64.ActiveCfg = Debug|Any CPU
		{20DFC0C0-20FC-4352-9FB3-13C8545AA65B}.Debug|x64.Build.0 = Debug|Any CPU
		{20DFC0C0-20FC-4352-9FB3-13C8545AA65B}.Debug|x86.ActiveCfg = Debug|Any CPU
		{20DFC0C0-20FC-4352-9FB3-13C8545AA65B}.Debug|x86.Build.0 = Debug|Any CPU
		{20DFC0C0-20FC-4352-9FB3-13C8545AA65B}.Release|Any CPU.ActiveCfg = Release|Any CPU
		{20DFC0C0-20FC-4352-9FB3-13C8545AA65B}.Release|Any CPU.Build.0 = Release|Any CPU
		{20DFC0C0-20FC-4352-9FB3-13C8545AA65B}.Release|ARM.ActiveCfg = Release|Any CPU
		{20DFC0C0-20FC-4352-9FB3-13C8545AA65B}.Release|ARM.Build.0 = Release|Any CPU
		{20DFC0C0-20FC-4352-9FB3-13C8545AA65B}.Release|iPhone.ActiveCfg = Release|Any CPU
		{20DFC0C0-20FC-4352-9FB3-13C8545AA65B}.Release|iPhone.Build.0 = Release|Any CPU
		{20DFC0C0-20FC-4352-9FB3-13C8545AA65B}.Release|iPhoneSimulator.ActiveCfg = Release|Any CPU
		{20DFC0C0-20FC-4352-9FB3-13C8545AA65B}.Release|iPhoneSimulator.Build.0 = Release|Any CPU
		{20DFC0C0-20FC-4352-9FB3-13C8545AA65B}.Release|x64.ActiveCfg = Release|Any CPU
		{20DFC0C0-20FC-4352-9FB3-13C8545AA65B}.Release|x64.Build.0 = Release|Any CPU
		{20DFC0C0-20FC-4352-9FB3-13C8545AA65B}.Release|x86.ActiveCfg = Release|Any CPU
		{20DFC0C0-20FC-4352-9FB3-13C8545AA65B}.Release|x86.Build.0 = Release|Any CPU
		{F707A4C5-9238-475B-8B30-70DB727FD92E}.Debug|Any CPU.ActiveCfg = Debug|Any CPU
		{F707A4C5-9238-475B-8B30-70DB727FD92E}.Debug|Any CPU.Build.0 = Debug|Any CPU
		{F707A4C5-9238-475B-8B30-70DB727FD92E}.Debug|ARM.ActiveCfg = Debug|Any CPU
		{F707A4C5-9238-475B-8B30-70DB727FD92E}.Debug|ARM.Build.0 = Debug|Any CPU
		{F707A4C5-9238-475B-8B30-70DB727FD92E}.Debug|iPhone.ActiveCfg = Debug|Any CPU
		{F707A4C5-9238-475B-8B30-70DB727FD92E}.Debug|iPhone.Build.0 = Debug|Any CPU
		{F707A4C5-9238-475B-8B30-70DB727FD92E}.Debug|iPhoneSimulator.ActiveCfg = Debug|Any CPU
		{F707A4C5-9238-475B-8B30-70DB727FD92E}.Debug|iPhoneSimulator.Build.0 = Debug|Any CPU
		{F707A4C5-9238-475B-8B30-70DB727FD92E}.Debug|x64.ActiveCfg = Debug|Any CPU
		{F707A4C5-9238-475B-8B30-70DB727FD92E}.Debug|x64.Build.0 = Debug|Any CPU
		{F707A4C5-9238-475B-8B30-70DB727FD92E}.Debug|x86.ActiveCfg = Debug|Any CPU
		{F707A4C5-9238-475B-8B30-70DB727FD92E}.Debug|x86.Build.0 = Debug|Any CPU
		{F707A4C5-9238-475B-8B30-70DB727FD92E}.Release|Any CPU.ActiveCfg = Release|Any CPU
		{F707A4C5-9238-475B-8B30-70DB727FD92E}.Release|Any CPU.Build.0 = Release|Any CPU
		{F707A4C5-9238-475B-8B30-70DB727FD92E}.Release|ARM.ActiveCfg = Release|Any CPU
		{F707A4C5-9238-475B-8B30-70DB727FD92E}.Release|ARM.Build.0 = Release|Any CPU
		{F707A4C5-9238-475B-8B30-70DB727FD92E}.Release|iPhone.ActiveCfg = Release|Any CPU
		{F707A4C5-9238-475B-8B30-70DB727FD92E}.Release|iPhone.Build.0 = Release|Any CPU
		{F707A4C5-9238-475B-8B30-70DB727FD92E}.Release|iPhoneSimulator.ActiveCfg = Release|Any CPU
		{F707A4C5-9238-475B-8B30-70DB727FD92E}.Release|iPhoneSimulator.Build.0 = Release|Any CPU
		{F707A4C5-9238-475B-8B30-70DB727FD92E}.Release|x64.ActiveCfg = Release|Any CPU
		{F707A4C5-9238-475B-8B30-70DB727FD92E}.Release|x64.Build.0 = Release|Any CPU
		{F707A4C5-9238-475B-8B30-70DB727FD92E}.Release|x86.ActiveCfg = Release|Any CPU
		{F707A4C5-9238-475B-8B30-70DB727FD92E}.Release|x86.Build.0 = Release|Any CPU
		{3417E183-30EA-4A39-8A30-FF9DBA571155}.Debug|Any CPU.ActiveCfg = Debug|Any CPU
		{3417E183-30EA-4A39-8A30-FF9DBA571155}.Debug|Any CPU.Build.0 = Debug|Any CPU
		{3417E183-30EA-4A39-8A30-FF9DBA571155}.Debug|ARM.ActiveCfg = Debug|Any CPU
		{3417E183-30EA-4A39-8A30-FF9DBA571155}.Debug|ARM.Build.0 = Debug|Any CPU
		{3417E183-30EA-4A39-8A30-FF9DBA571155}.Debug|iPhone.ActiveCfg = Debug|Any CPU
		{3417E183-30EA-4A39-8A30-FF9DBA571155}.Debug|iPhone.Build.0 = Debug|Any CPU
		{3417E183-30EA-4A39-8A30-FF9DBA571155}.Debug|iPhoneSimulator.ActiveCfg = Debug|Any CPU
		{3417E183-30EA-4A39-8A30-FF9DBA571155}.Debug|iPhoneSimulator.Build.0 = Debug|Any CPU
		{3417E183-30EA-4A39-8A30-FF9DBA571155}.Debug|x64.ActiveCfg = Debug|Any CPU
		{3417E183-30EA-4A39-8A30-FF9DBA571155}.Debug|x64.Build.0 = Debug|Any CPU
		{3417E183-30EA-4A39-8A30-FF9DBA571155}.Debug|x86.ActiveCfg = Debug|Any CPU
		{3417E183-30EA-4A39-8A30-FF9DBA571155}.Debug|x86.Build.0 = Debug|Any CPU
		{3417E183-30EA-4A39-8A30-FF9DBA571155}.Release|Any CPU.ActiveCfg = Release|Any CPU
		{3417E183-30EA-4A39-8A30-FF9DBA571155}.Release|Any CPU.Build.0 = Release|Any CPU
		{3417E183-30EA-4A39-8A30-FF9DBA571155}.Release|ARM.ActiveCfg = Release|Any CPU
		{3417E183-30EA-4A39-8A30-FF9DBA571155}.Release|ARM.Build.0 = Release|Any CPU
		{3417E183-30EA-4A39-8A30-FF9DBA571155}.Release|iPhone.ActiveCfg = Release|Any CPU
		{3417E183-30EA-4A39-8A30-FF9DBA571155}.Release|iPhone.Build.0 = Release|Any CPU
		{3417E183-30EA-4A39-8A30-FF9DBA571155}.Release|iPhoneSimulator.ActiveCfg = Release|Any CPU
		{3417E183-30EA-4A39-8A30-FF9DBA571155}.Release|iPhoneSimulator.Build.0 = Release|Any CPU
		{3417E183-30EA-4A39-8A30-FF9DBA571155}.Release|x64.ActiveCfg = Release|Any CPU
		{3417E183-30EA-4A39-8A30-FF9DBA571155}.Release|x64.Build.0 = Release|Any CPU
		{3417E183-30EA-4A39-8A30-FF9DBA571155}.Release|x86.ActiveCfg = Release|Any CPU
		{3417E183-30EA-4A39-8A30-FF9DBA571155}.Release|x86.Build.0 = Release|Any CPU
		{47FC1C01-B417-40FB-9B11-FB6CE9C2D349}.Debug|Any CPU.ActiveCfg = Debug|Any CPU
		{47FC1C01-B417-40FB-9B11-FB6CE9C2D349}.Debug|Any CPU.Build.0 = Debug|Any CPU
		{47FC1C01-B417-40FB-9B11-FB6CE9C2D349}.Debug|ARM.ActiveCfg = Debug|Any CPU
		{47FC1C01-B417-40FB-9B11-FB6CE9C2D349}.Debug|ARM.Build.0 = Debug|Any CPU
		{47FC1C01-B417-40FB-9B11-FB6CE9C2D349}.Debug|iPhone.ActiveCfg = Debug|Any CPU
		{47FC1C01-B417-40FB-9B11-FB6CE9C2D349}.Debug|iPhone.Build.0 = Debug|Any CPU
		{47FC1C01-B417-40FB-9B11-FB6CE9C2D349}.Debug|iPhoneSimulator.ActiveCfg = Debug|Any CPU
		{47FC1C01-B417-40FB-9B11-FB6CE9C2D349}.Debug|iPhoneSimulator.Build.0 = Debug|Any CPU
		{47FC1C01-B417-40FB-9B11-FB6CE9C2D349}.Debug|x64.ActiveCfg = Debug|Any CPU
		{47FC1C01-B417-40FB-9B11-FB6CE9C2D349}.Debug|x64.Build.0 = Debug|Any CPU
		{47FC1C01-B417-40FB-9B11-FB6CE9C2D349}.Debug|x86.ActiveCfg = Debug|Any CPU
		{47FC1C01-B417-40FB-9B11-FB6CE9C2D349}.Debug|x86.Build.0 = Debug|Any CPU
		{47FC1C01-B417-40FB-9B11-FB6CE9C2D349}.Release|Any CPU.ActiveCfg = Release|Any CPU
		{47FC1C01-B417-40FB-9B11-FB6CE9C2D349}.Release|Any CPU.Build.0 = Release|Any CPU
		{47FC1C01-B417-40FB-9B11-FB6CE9C2D349}.Release|ARM.ActiveCfg = Release|Any CPU
		{47FC1C01-B417-40FB-9B11-FB6CE9C2D349}.Release|ARM.Build.0 = Release|Any CPU
		{47FC1C01-B417-40FB-9B11-FB6CE9C2D349}.Release|iPhone.ActiveCfg = Release|Any CPU
		{47FC1C01-B417-40FB-9B11-FB6CE9C2D349}.Release|iPhone.Build.0 = Release|Any CPU
		{47FC1C01-B417-40FB-9B11-FB6CE9C2D349}.Release|iPhoneSimulator.ActiveCfg = Release|Any CPU
		{47FC1C01-B417-40FB-9B11-FB6CE9C2D349}.Release|iPhoneSimulator.Build.0 = Release|Any CPU
		{47FC1C01-B417-40FB-9B11-FB6CE9C2D349}.Release|x64.ActiveCfg = Release|Any CPU
		{47FC1C01-B417-40FB-9B11-FB6CE9C2D349}.Release|x64.Build.0 = Release|Any CPU
		{47FC1C01-B417-40FB-9B11-FB6CE9C2D349}.Release|x86.ActiveCfg = Release|Any CPU
		{47FC1C01-B417-40FB-9B11-FB6CE9C2D349}.Release|x86.Build.0 = Release|Any CPU
	EndGlobalSection
	GlobalSection(SolutionProperties) = preSolution
		HideSolutionNode = FALSE
	EndGlobalSection
	GlobalSection(NestedProjects) = preSolution
		{699085C2-0668-4888-9912-59351211D0E6} = {9D807074-BC09-4F40-9BEB-1EE9A8469836}
		{063D5D2F-1491-4DCB-8ED6-C0DCCBD75605} = {9D807074-BC09-4F40-9BEB-1EE9A8469836}
		{7873A6C1-B48B-446E-AD58-A641FEEA1981} = {9D807074-BC09-4F40-9BEB-1EE9A8469836}
		{4E298CD1-7AD2-4898-A412-925AEFCC0524} = {9D807074-BC09-4F40-9BEB-1EE9A8469836}
		{3167CB86-A5EA-492C-AF7C-952475B447C7} = {9D807074-BC09-4F40-9BEB-1EE9A8469836}
		{13F6B002-CE88-4852-9E0A-39D92E77E1CE} = {9D807074-BC09-4F40-9BEB-1EE9A8469836}
		{ACCE8D1C-5211-4305-A566-5A8B83878E3D} = {9D807074-BC09-4F40-9BEB-1EE9A8469836}
		{20DFC0C0-20FC-4352-9FB3-13C8545AA65B} = {9D807074-BC09-4F40-9BEB-1EE9A8469836}
		{F707A4C5-9238-475B-8B30-70DB727FD92E} = {9D807074-BC09-4F40-9BEB-1EE9A8469836}
		{3417E183-30EA-4A39-8A30-FF9DBA571155} = {954BF0EF-3BFB-4CC7-8B34-119F1DC31CCE}
		{47FC1C01-B417-40FB-9B11-FB6CE9C2D349} = {9D807074-BC09-4F40-9BEB-1EE9A8469836}
	EndGlobalSection
	GlobalSection(ExtensibilityGlobals) = postSolution
		SolutionGuid = {B7AC322D-CBB5-4B46-8B0A-61571C0BD5A3}
	EndGlobalSection
EndGlobal
